
Microsoft Visual Studio Solution File, Format Version 12.00
# Visual Studio Version 16
VisualStudioVersion = 16.0.30225.117
MinimumVisualStudioVersion = 10.0.40219.1
Project("{FAE04EC0-301F-11D3-BF4B-00C04F79EFBC}") = "DigitalTwinDemo.DeviceSimulator", "DigitalTwinDemo.DeviceSimulator\DigitalTwinDemo.DeviceSimulator.csproj", "{9BB59A00-DDAD-4EF6-9FD5-432AD33C6243}"
EndProject
Project("{FAE04EC0-301F-11D3-BF4B-00C04F79EFBC}") = "DigitalTwinDemo.Twin", "DigitalTwinDemo.Twin\DigitalTwinDemo.Twin.csproj", "{33D4E9F0-C96A-4D15-8C01-2195FA84ACEF}"
EndProject
Global
	GlobalSection(SolutionConfigurationPlatforms) = preSolution
		Debug|Any CPU = Debug|Any CPU
		Release|Any CPU = Release|Any CPU
	EndGlobalSection
	GlobalSection(ProjectConfigurationPlatforms) = postSolution
		{9BB59A00-DDAD-4EF6-9FD5-432AD33C6243}.Debug|Any CPU.ActiveCfg = Debug|Any CPU
		{9BB59A00-DDAD-4EF6-9FD5-432AD33C6243}.Debug|Any CPU.Build.0 = Debug|Any CPU
		{9BB59A00-DDAD-4EF6-9FD5-432AD33C6243}.Release|Any CPU.ActiveCfg = Release|Any CPU
		{9BB59A00-DDAD-4EF6-9FD5-432AD33C6243}.Release|Any CPU.Build.0 = Release|Any CPU
		{33D4E9F0-C96A-4D15-8C01-2195FA84ACEF}.Debug|Any CPU.ActiveCfg = Debug|Any CPU
		{33D4E9F0-C96A-4D15-8C01-2195FA84ACEF}.Debug|Any CPU.Build.0 = Debug|Any CPU
		{33D4E9F0-C96A-4D15-8C01-2195FA84ACEF}.Release|Any CPU.ActiveCfg = Release|Any CPU
		{33D4E9F0-C96A-4D15-8C01-2195FA84ACEF}.Release|Any CPU.Build.0 = Release|Any CPU
	EndGlobalSection
	GlobalSection(SolutionProperties) = preSolution
		HideSolutionNode = FALSE
	EndGlobalSection
	GlobalSection(ExtensibilityGlobals) = postSolution
		SolutionGuid = {E1BA7DDB-D4F0-437E-A724-7075645C9EA8}
	EndGlobalSection
EndGlobal
